
Microsoft Visual Studio Solution File, Format Version 12.00
# Visual Studio Version 17
VisualStudioVersion = 17.14.36915.13 d17.14
MinimumVisualStudioVersion = 10.0.40219.1
Project("{FAE04EC0-301F-11D3-BF4B-00C04F79EFBC}") = "GrpcCommonNet.Proto", "GrpcCommonNet.Proto\GrpcCommonNet.Proto.csproj", "{5ABCE893-E016-60DC-1012-E02328E073C5}"
EndProject
Project("{FAE04EC0-301F-11D3-BF4B-00C04F79EFBC}") = "GrpcCommonNet.Service", "GrpcCommonNet.Service\GrpcCommonNet.Service.csproj", "{2315861B-D878-9BC8-7872-B6905AD3181A}"
EndProject
Project("{FAE04EC0-301F-11D3-BF4B-00C04F79EFBC}") = "GrpcWinForms", "GrpcWinForms\GrpcWinForms.csproj", "{48943CCC-CA1E-8537-B153-454C537029C0}"
EndProject
Global
	GlobalSection(SolutionConfigurationPlatforms) = preSolution
		Debug|Any CPU = Debug|Any CPU
		Release|Any CPU = Release|Any CPU
	EndGlobalSection
	GlobalSection(ProjectConfigurationPlatforms) = postSolution
		{5ABCE893-E016-60DC-1012-E02328E073C5}.Debug|Any CPU.ActiveCfg = Debug|Any CPU
		{5ABCE893-E016-60DC-1012-E02328E073C5}.Debug|Any CPU.Build.0 = Debug|Any CPU
		{5ABCE893-E016-60DC-1012-E02328E073C5}.Release|Any CPU.ActiveCfg = Release|Any CPU
		{5ABCE893-E016-60DC-1012-E02328E073C5}.Release|Any CPU.Build.0 = Release|Any CPU
		{2315861B-D878-9BC8-7872-B6905AD3181A}.Debug|Any CPU.ActiveCfg = Debug|Any CPU
		{2315861B-D878-9BC8-7872-B6905AD3181A}.Debug|Any CPU.Build.0 = Debug|Any CPU
		{2315861B-D878-9BC8-7872-B6905AD3181A}.Release|Any CPU.ActiveCfg = Release|Any CPU
		{2315861B-D878-9BC8-7872-B6905AD3181A}.Release|Any CPU.Build.0 = Release|Any CPU
		{48943CCC-CA1E-8537-B153-454C537029C0}.Debug|Any CPU.ActiveCfg = Debug|Any CPU
		{48943CCC-CA1E-8537-B153-454C537029C0}.Debug|Any CPU.Build.0 = Debug|Any CPU
		{48943CCC-CA1E-8537-B153-454C537029C0}.Release|Any CPU.ActiveCfg = Release|Any CPU
		{48943CCC-CA1E-8537-B153-454C537029C0}.Release|Any CPU.Build.0 = Release|Any CPU
	EndGlobalSection
	GlobalSection(SolutionProperties) = preSolution
		HideSolutionNode = FALSE
	EndGlobalSection
	GlobalSection(ExtensibilityGlobals) = postSolution
		SolutionGuid = {3A4295BB-1B18-409F-A9A0-345C724ED254}
	EndGlobalSection
EndGlobal
